
Microsoft Visual Studio Solution File, Format Version 12.00
# Visual Studio Version 16
VisualStudioVersion = 16.0.29911.84
MinimumVisualStudioVersion = 10.0.40219.1
Project("{8BC9CEB8-8B4A-11D0-8D11-00A0C91BC942}") = "Project9", "Project9\Project9.vcxproj", "{539F5619-AD7B-4385-869F-8472A8C67873}"
EndProject
Global
	GlobalSection(SolutionConfigurationPlatforms) = preSolution
		Debug|x64 = Debug|x64
		Debug|x86 = Debug|x86
		Release|x64 = Release|x64
		Release|x86 = Release|x86
	EndGlobalSection
	GlobalSection(ProjectConfigurationPlatforms) = postSolution
		{539F5619-AD7B-4385-869F-8472A8C67873}.Debug|x64.ActiveCfg = Debug|x64
		{539F5619-AD7B-4385-869F-8472A8C67873}.Debug|x64.Build.0 = Debug|x64
		{539F5619-AD7B-4385-869F-8472A8C67873}.Debug|x86.ActiveCfg = Debug|Win32
		{539F5619-AD7B-4385-869F-8472A8C67873}.Debug|x86.Build.0 = Debug|Win32
		{539F5619-AD7B-4385-869F-8472A8C67873}.Release|x64.ActiveCfg = Release|x64
		{539F5619-AD7B-4385-869F-8472A8C67873}.Release|x64.Build.0 = Release|x64
		{539F5619-AD7B-4385-869F-8472A8C67873}.Release|x86.ActiveCfg = Release|Win32
		{539F5619-AD7B-4385-869F-8472A8C67873}.Release|x86.Build.0 = Release|Win32
	EndGlobalSection
	GlobalSection(SolutionProperties) = preSolution
		HideSolutionNode = FALSE
	EndGlobalSection
	GlobalSection(ExtensibilityGlobals) = postSolution
		SolutionGuid = {CC804001-3263-4A1E-A3FF-CB5111455B6D}
	EndGlobalSection
EndGlobal
